
Microsoft Visual Studio Solution File, Format Version 12.00
# Visual Studio Version 17
VisualStudioVersion = 17.12.35506.116
MinimumVisualStudioVersion = 10.0.40219.1
Project("{FAE04EC0-301F-11D3-BF4B-00C04F79EFBC}") = "BIPASS-API", "BIPASS-API\BIPASS-API.csproj", "{0B31222B-A1F5-4514-9C25-1EA505674E22}"
EndProject
Project("{FAE04EC0-301F-11D3-BF4B-00C04F79EFBC}") = "Infreaestructure", "Infreaestructure\Infreaestructure.csproj", "{CEC3D4BF-E814-4CE3-8EBB-4235BDB13D54}"
EndProject
Project("{FAE04EC0-301F-11D3-BF4B-00C04F79EFBC}") = "Domain", "Domain\Domain.csproj", "{1E161843-1784-4EEE-A5E3-163BECE6EAB3}"
EndProject
Project("{FAE04EC0-301F-11D3-BF4B-00C04F79EFBC}") = "Application", "Application\Application.csproj", "{3D733AA5-8BE7-41C2-AA29-47B6DDA9B9C5}"
EndProject
Global
	GlobalSection(SolutionConfigurationPlatforms) = preSolution
		Debug|Any CPU = Debug|Any CPU
		Release|Any CPU = Release|Any CPU
	EndGlobalSection
	GlobalSection(ProjectConfigurationPlatforms) = postSolution
		{0B31222B-A1F5-4514-9C25-1EA505674E22}.Debug|Any CPU.ActiveCfg = Debug|Any CPU
		{0B31222B-A1F5-4514-9C25-1EA505674E22}.Debug|Any CPU.Build.0 = Debug|Any CPU
		{0B31222B-A1F5-4514-9C25-1EA505674E22}.Release|Any CPU.ActiveCfg = Release|Any CPU
		{0B31222B-A1F5-4514-9C25-1EA505674E22}.Release|Any CPU.Build.0 = Release|Any CPU
		{CEC3D4BF-E814-4CE3-8EBB-4235BDB13D54}.Debug|Any CPU.ActiveCfg = Debug|Any CPU
		{CEC3D4BF-E814-4CE3-8EBB-4235BDB13D54}.Debug|Any CPU.Build.0 = Debug|Any CPU
		{CEC3D4BF-E814-4CE3-8EBB-4235BDB13D54}.Release|Any CPU.ActiveCfg = Release|Any CPU
		{CEC3D4BF-E814-4CE3-8EBB-4235BDB13D54}.Release|Any CPU.Build.0 = Release|Any CPU
		{1E161843-1784-4EEE-A5E3-163BECE6EAB3}.Debug|Any CPU.ActiveCfg = Debug|Any CPU
		{1E161843-1784-4EEE-A5E3-163BECE6EAB3}.Debug|Any CPU.Build.0 = Debug|Any CPU
		{1E161843-1784-4EEE-A5E3-163BECE6EAB3}.Release|Any CPU.ActiveCfg = Release|Any CPU
		{1E161843-1784-4EEE-A5E3-163BECE6EAB3}.Release|Any CPU.Build.0 = Release|Any CPU
		{3D733AA5-8BE7-41C2-AA29-47B6DDA9B9C5}.Debug|Any CPU.ActiveCfg = Debug|Any CPU
		{3D733AA5-8BE7-41C2-AA29-47B6DDA9B9C5}.Debug|Any CPU.Build.0 = Debug|Any CPU
		{3D733AA5-8BE7-41C2-AA29-47B6DDA9B9C5}.Release|Any CPU.ActiveCfg = Release|Any CPU
		{3D733AA5-8BE7-41C2-AA29-47B6DDA9B9C5}.Release|Any CPU.Build.0 = Release|Any CPU
	EndGlobalSection
	GlobalSection(SolutionProperties) = preSolution
		HideSolutionNode = FALSE
	EndGlobalSection
EndGlobal
